
Microsoft Visual Studio Solution File, Format Version 12.00
# Visual Studio Version 17
VisualStudioVersion = 17.0.31903.59
MinimumVisualStudioVersion = 10.0.40219.1
Project("{2150E333-8FDC-42A3-9474-1A3956D46DE8}") = "src", "src", "{C575A306-5C37-4431-ADE0-F3F36DB705AD}"
EndProject
Project("{FAE04EC0-301F-11D3-BF4B-00C04F79EFBC}") = "Examples.DependencyInjection", "src\Examples.DependencyInjection\Examples.DependencyInjection.csproj", "{9A771B4C-DAA9-46A3-B730-333B39E907EB}"
EndProject
Project("{FAE04EC0-301F-11D3-BF4B-00C04F79EFBC}") = "Examples.DependencyInjection.Tests", "src\Examples.DependencyInjection.Tests\Examples.DependencyInjection.Tests.csproj", "{858DE02C-697C-4B01-A628-1BC27D82700B}"
EndProject
Global
	GlobalSection(SolutionConfigurationPlatforms) = preSolution
		Debug|Any CPU = Debug|Any CPU
		Release|Any CPU = Release|Any CPU
	EndGlobalSection
	GlobalSection(SolutionProperties) = preSolution
		HideSolutionNode = FALSE
	EndGlobalSection
	GlobalSection(ProjectConfigurationPlatforms) = postSolution
		{9A771B4C-DAA9-46A3-B730-333B39E907EB}.Debug|Any CPU.ActiveCfg = Debug|Any CPU
		{9A771B4C-DAA9-46A3-B730-333B39E907EB}.Debug|Any CPU.Build.0 = Debug|Any CPU
		{9A771B4C-DAA9-46A3-B730-333B39E907EB}.Release|Any CPU.ActiveCfg = Release|Any CPU
		{9A771B4C-DAA9-46A3-B730-333B39E907EB}.Release|Any CPU.Build.0 = Release|Any CPU
		{858DE02C-697C-4B01-A628-1BC27D82700B}.Debug|Any CPU.ActiveCfg = Debug|Any CPU
		{858DE02C-697C-4B01-A628-1BC27D82700B}.Debug|Any CPU.Build.0 = Debug|Any CPU
		{858DE02C-697C-4B01-A628-1BC27D82700B}.Release|Any CPU.ActiveCfg = Release|Any CPU
		{858DE02C-697C-4B01-A628-1BC27D82700B}.Release|Any CPU.Build.0 = Release|Any CPU
	EndGlobalSection
	GlobalSection(NestedProjects) = preSolution
		{9A771B4C-DAA9-46A3-B730-333B39E907EB} = {C575A306-5C37-4431-ADE0-F3F36DB705AD}
		{858DE02C-697C-4B01-A628-1BC27D82700B} = {C575A306-5C37-4431-ADE0-F3F36DB705AD}
	EndGlobalSection
EndGlobal
